
Microsoft Visual Studio Solution File, Format Version 12.00
# Visual Studio Version 16
VisualStudioVersion = 16.0.31624.102
MinimumVisualStudioVersion = 10.0.40219.1
Project("{FAE04EC0-301F-11D3-BF4B-00C04F79EFBC}") = "SortNumbers", "SortNumbers\SortNumbers.csproj", "{12A60112-9752-4951-8390-A14F2BBBE631}"
EndProject
Project("{FAE04EC0-301F-11D3-BF4B-00C04F79EFBC}") = "EnglishNameOfTheLastDigit1", "EnglishNameOfTheLastDigit1\EnglishNameOfTheLastDigit1.csproj", "{EE6FEF53-1A28-4A16-BFC7-F38EE3289709}"
EndProject
Project("{FAE04EC0-301F-11D3-BF4B-00C04F79EFBC}") = "GamingStore", "GamingStore\GamingStore.csproj", "{8E0E5D2B-ACFA-4516-AA96-10B9098F94D1}"
EndProject
Project("{FAE04EC0-301F-11D3-BF4B-00C04F79EFBC}") = "ReverseString", "ReverseString\ReverseString.csproj", "{0008AFB3-1AEE-478A-BC2C-64C1FB2F6EE1}"
EndProject
Project("{FAE04EC0-301F-11D3-BF4B-00C04F79EFBC}") = "Messages", "Messages\Messages.csproj", "{BFDEEFF3-C5E2-456E-BF69-25145D46A564}"
EndProject
Global
	GlobalSection(SolutionConfigurationPlatforms) = preSolution
		Debug|Any CPU = Debug|Any CPU
		Release|Any CPU = Release|Any CPU
	EndGlobalSection
	GlobalSection(ProjectConfigurationPlatforms) = postSolution
		{12A60112-9752-4951-8390-A14F2BBBE631}.Debug|Any CPU.ActiveCfg = Debug|Any CPU
		{12A60112-9752-4951-8390-A14F2BBBE631}.Debug|Any CPU.Build.0 = Debug|Any CPU
		{12A60112-9752-4951-8390-A14F2BBBE631}.Release|Any CPU.ActiveCfg = Release|Any CPU
		{12A60112-9752-4951-8390-A14F2BBBE631}.Release|Any CPU.Build.0 = Release|Any CPU
		{EE6FEF53-1A28-4A16-BFC7-F38EE3289709}.Debug|Any CPU.ActiveCfg = Debug|Any CPU
		{EE6FEF53-1A28-4A16-BFC7-F38EE3289709}.Debug|Any CPU.Build.0 = Debug|Any CPU
		{EE6FEF53-1A28-4A16-BFC7-F38EE3289709}.Release|Any CPU.ActiveCfg = Release|Any CPU
		{EE6FEF53-1A28-4A16-BFC7-F38EE3289709}.Release|Any CPU.Build.0 = Release|Any CPU
		{8E0E5D2B-ACFA-4516-AA96-10B9098F94D1}.Debug|Any CPU.ActiveCfg = Debug|Any CPU
		{8E0E5D2B-ACFA-4516-AA96-10B9098F94D1}.Debug|Any CPU.Build.0 = Debug|Any CPU
		{8E0E5D2B-ACFA-4516-AA96-10B9098F94D1}.Release|Any CPU.ActiveCfg = Release|Any CPU
		{8E0E5D2B-ACFA-4516-AA96-10B9098F94D1}.Release|Any CPU.Build.0 = Release|Any CPU
		{0008AFB3-1AEE-478A-BC2C-64C1FB2F6EE1}.Debug|Any CPU.ActiveCfg = Debug|Any CPU
		{0008AFB3-1AEE-478A-BC2C-64C1FB2F6EE1}.Debug|Any CPU.Build.0 = Debug|Any CPU
		{0008AFB3-1AEE-478A-BC2C-64C1FB2F6EE1}.Release|Any CPU.ActiveCfg = Release|Any CPU
		{0008AFB3-1AEE-478A-BC2C-64C1FB2F6EE1}.Release|Any CPU.Build.0 = Release|Any CPU
		{BFDEEFF3-C5E2-456E-BF69-25145D46A564}.Debug|Any CPU.ActiveCfg = Debug|Any CPU
		{BFDEEFF3-C5E2-456E-BF69-25145D46A564}.Debug|Any CPU.Build.0 = Debug|Any CPU
		{BFDEEFF3-C5E2-456E-BF69-25145D46A564}.Release|Any CPU.ActiveCfg = Release|Any CPU
		{BFDEEFF3-C5E2-456E-BF69-25145D46A564}.Release|Any CPU.Build.0 = Release|Any CPU
	EndGlobalSection
	GlobalSection(SolutionProperties) = preSolution
		HideSolutionNode = FALSE
	EndGlobalSection
	GlobalSection(ExtensibilityGlobals) = postSolution
		SolutionGuid = {07400E03-BC0B-43A0-B391-D9167A9747F8}
	EndGlobalSection
EndGlobal
