
Microsoft Visual Studio Solution File, Format Version 12.00
# Visual Studio Version 16
VisualStudioVersion = 16.0.31624.102
MinimumVisualStudioVersion = 10.0.40219.1
Project("{FAE04EC0-301F-11D3-BF4B-00C04F79EFBC}") = "PBExamMarch2020T2", "PBExamMarch2020T2\PBExamMarch2020T2.csproj", "{0DDB086F-6BDB-4E59-99E5-B87AD02126A3}"
EndProject
Global
	GlobalSection(SolutionConfigurationPlatforms) = preSolution
		Debug|Any CPU = Debug|Any CPU
		Release|Any CPU = Release|Any CPU
	EndGlobalSection
	GlobalSection(ProjectConfigurationPlatforms) = postSolution
		{0DDB086F-6BDB-4E59-99E5-B87AD02126A3}.Debug|Any CPU.ActiveCfg = Debug|Any CPU
		{0DDB086F-6BDB-4E59-99E5-B87AD02126A3}.Debug|Any CPU.Build.0 = Debug|Any CPU
		{0DDB086F-6BDB-4E59-99E5-B87AD02126A3}.Release|Any CPU.ActiveCfg = Release|Any CPU
		{0DDB086F-6BDB-4E59-99E5-B87AD02126A3}.Release|Any CPU.Build.0 = Release|Any CPU
	EndGlobalSection
	GlobalSection(SolutionProperties) = preSolution
		HideSolutionNode = FALSE
	EndGlobalSection
	GlobalSection(ExtensibilityGlobals) = postSolution
		SolutionGuid = {EFA4D253-87E7-4A04-B242-24C3C6AFF7AB}
	EndGlobalSection
EndGlobal
