
Microsoft Visual Studio Solution File, Format Version 12.00
# Visual Studio Version 16
VisualStudioVersion = 16.0.31624.102
MinimumVisualStudioVersion = 10.0.40219.1
Project("{FAE04EC0-301F-11D3-BF4B-00C04F79EFBC}") = "PBExamTask2", "PBExamTask2\PBExamTask2.csproj", "{B52C9788-FFB5-4A86-82B1-2B149C3ECD7E}"
EndProject
Global
	GlobalSection(SolutionConfigurationPlatforms) = preSolution
		Debug|Any CPU = Debug|Any CPU
		Release|Any CPU = Release|Any CPU
	EndGlobalSection
	GlobalSection(ProjectConfigurationPlatforms) = postSolution
		{B52C9788-FFB5-4A86-82B1-2B149C3ECD7E}.Debug|Any CPU.ActiveCfg = Debug|Any CPU
		{B52C9788-FFB5-4A86-82B1-2B149C3ECD7E}.Debug|Any CPU.Build.0 = Debug|Any CPU
		{B52C9788-FFB5-4A86-82B1-2B149C3ECD7E}.Release|Any CPU.ActiveCfg = Release|Any CPU
		{B52C9788-FFB5-4A86-82B1-2B149C3ECD7E}.Release|Any CPU.Build.0 = Release|Any CPU
	EndGlobalSection
	GlobalSection(SolutionProperties) = preSolution
		HideSolutionNode = FALSE
	EndGlobalSection
	GlobalSection(ExtensibilityGlobals) = postSolution
		SolutionGuid = {4DD9E9E9-0D30-4052-BC77-BFF32CBF9B88}
	EndGlobalSection
EndGlobal
