
Microsoft Visual Studio Solution File, Format Version 12.00
# Visual Studio Version 17
VisualStudioVersion = 17.1.32319.34
MinimumVisualStudioVersion = 10.0.40219.1
Project("{FAE04EC0-301F-11D3-BF4B-00C04F79EFBC}") = "StringGame", "StringGame\StringGame.csproj", "{DA3B0D36-3BB2-4472-9D77-3C217DD59D87}"
EndProject
Project("{FAE04EC0-301F-11D3-BF4B-00C04F79EFBC}") = "DegustationParty", "DegustationParty\DegustationParty.csproj", "{DC50654C-1CCD-43BD-B0EA-C6553BB1ADDC}"
EndProject
Project("{FAE04EC0-301F-11D3-BF4B-00C04F79EFBC}") = "EncryptingPassword", "EncryptingPassword\EncryptingPassword.csproj", "{F83F6044-412B-4D58-A410-6231359C8374}"
EndProject
Global
	GlobalSection(SolutionConfigurationPlatforms) = preSolution
		Debug|Any CPU = Debug|Any CPU
		Release|Any CPU = Release|Any CPU
	EndGlobalSection
	GlobalSection(ProjectConfigurationPlatforms) = postSolution
		{DA3B0D36-3BB2-4472-9D77-3C217DD59D87}.Debug|Any CPU.ActiveCfg = Debug|Any CPU
		{DA3B0D36-3BB2-4472-9D77-3C217DD59D87}.Debug|Any CPU.Build.0 = Debug|Any CPU
		{DA3B0D36-3BB2-4472-9D77-3C217DD59D87}.Release|Any CPU.ActiveCfg = Release|Any CPU
		{DA3B0D36-3BB2-4472-9D77-3C217DD59D87}.Release|Any CPU.Build.0 = Release|Any CPU
		{DC50654C-1CCD-43BD-B0EA-C6553BB1ADDC}.Debug|Any CPU.ActiveCfg = Debug|Any CPU
		{DC50654C-1CCD-43BD-B0EA-C6553BB1ADDC}.Debug|Any CPU.Build.0 = Debug|Any CPU
		{DC50654C-1CCD-43BD-B0EA-C6553BB1ADDC}.Release|Any CPU.ActiveCfg = Release|Any CPU
		{DC50654C-1CCD-43BD-B0EA-C6553BB1ADDC}.Release|Any CPU.Build.0 = Release|Any CPU
		{F83F6044-412B-4D58-A410-6231359C8374}.Debug|Any CPU.ActiveCfg = Debug|Any CPU
		{F83F6044-412B-4D58-A410-6231359C8374}.Debug|Any CPU.Build.0 = Debug|Any CPU
		{F83F6044-412B-4D58-A410-6231359C8374}.Release|Any CPU.ActiveCfg = Release|Any CPU
		{F83F6044-412B-4D58-A410-6231359C8374}.Release|Any CPU.Build.0 = Release|Any CPU
	EndGlobalSection
	GlobalSection(SolutionProperties) = preSolution
		HideSolutionNode = FALSE
	EndGlobalSection
	GlobalSection(ExtensibilityGlobals) = postSolution
		SolutionGuid = {1F94A28B-4B64-4B8B-8268-91D919A458A3}
	EndGlobalSection
EndGlobal
