
Microsoft Visual Studio Solution File, Format Version 12.00
# Visual Studio Version 16
VisualStudioVersion = 16.0.31624.102
MinimumVisualStudioVersion = 10.0.40219.1
Project("{9A19103F-16F7-4668-BE54-9A1E7A4F7556}") = "PBExamTask3", "PBExamTask3\PBExamTask3.csproj", "{58F01F24-C19F-487C-96EE-941C4202BA49}"
EndProject
Project("{FAE04EC0-301F-11D3-BF4B-00C04F79EFBC}") = "Fixxxxxx", "Fixxxxxx\Fixxxxxx.csproj", "{8E740FC1-2F70-4519-96ED-0E5988C138D2}"
EndProject
Global
	GlobalSection(SolutionConfigurationPlatforms) = preSolution
		Debug|Any CPU = Debug|Any CPU
		Release|Any CPU = Release|Any CPU
	EndGlobalSection
	GlobalSection(ProjectConfigurationPlatforms) = postSolution
		{58F01F24-C19F-487C-96EE-941C4202BA49}.Debug|Any CPU.ActiveCfg = Debug|Any CPU
		{58F01F24-C19F-487C-96EE-941C4202BA49}.Debug|Any CPU.Build.0 = Debug|Any CPU
		{58F01F24-C19F-487C-96EE-941C4202BA49}.Release|Any CPU.ActiveCfg = Release|Any CPU
		{58F01F24-C19F-487C-96EE-941C4202BA49}.Release|Any CPU.Build.0 = Release|Any CPU
		{8E740FC1-2F70-4519-96ED-0E5988C138D2}.Debug|Any CPU.ActiveCfg = Debug|Any CPU
		{8E740FC1-2F70-4519-96ED-0E5988C138D2}.Debug|Any CPU.Build.0 = Debug|Any CPU
		{8E740FC1-2F70-4519-96ED-0E5988C138D2}.Release|Any CPU.ActiveCfg = Release|Any CPU
		{8E740FC1-2F70-4519-96ED-0E5988C138D2}.Release|Any CPU.Build.0 = Release|Any CPU
	EndGlobalSection
	GlobalSection(SolutionProperties) = preSolution
		HideSolutionNode = FALSE
	EndGlobalSection
	GlobalSection(ExtensibilityGlobals) = postSolution
		SolutionGuid = {206582BF-CC28-4679-A401-D5C7E550A5E2}
	EndGlobalSection
EndGlobal
