
Microsoft Visual Studio Solution File, Format Version 12.00
# Visual Studio Version 16
VisualStudioVersion = 16.0.31624.102
MinimumVisualStudioVersion = 10.0.40219.1
Project("{FAE04EC0-301F-11D3-BF4B-00C04F79EFBC}") = "basketballEquipment", "basketballEquipment\basketballEquipment.csproj", "{714EFEAA-3D01-4C27-8C7B-E71914E9F28E}"
EndProject
Global
	GlobalSection(SolutionConfigurationPlatforms) = preSolution
		Debug|Any CPU = Debug|Any CPU
		Release|Any CPU = Release|Any CPU
	EndGlobalSection
	GlobalSection(ProjectConfigurationPlatforms) = postSolution
		{714EFEAA-3D01-4C27-8C7B-E71914E9F28E}.Debug|Any CPU.ActiveCfg = Debug|Any CPU
		{714EFEAA-3D01-4C27-8C7B-E71914E9F28E}.Debug|Any CPU.Build.0 = Debug|Any CPU
		{714EFEAA-3D01-4C27-8C7B-E71914E9F28E}.Release|Any CPU.ActiveCfg = Release|Any CPU
		{714EFEAA-3D01-4C27-8C7B-E71914E9F28E}.Release|Any CPU.Build.0 = Release|Any CPU
	EndGlobalSection
	GlobalSection(SolutionProperties) = preSolution
		HideSolutionNode = FALSE
	EndGlobalSection
	GlobalSection(ExtensibilityGlobals) = postSolution
		SolutionGuid = {52B3C1F4-29EB-4D7F-92FF-E15AB482368C}
	EndGlobalSection
EndGlobal
