
Microsoft Visual Studio Solution File, Format Version 12.00
# Visual Studio Version 16
VisualStudioVersion = 16.0.31624.102
MinimumVisualStudioVersion = 10.0.40219.1
Project("{FAE04EC0-301F-11D3-BF4B-00C04F79EFBC}") = "PBExamMarch2020T6", "PBExamMarch2020T6\PBExamMarch2020T6.csproj", "{2EC4A3D1-E509-422F-A544-576D2392A929}"
EndProject
Global
	GlobalSection(SolutionConfigurationPlatforms) = preSolution
		Debug|Any CPU = Debug|Any CPU
		Release|Any CPU = Release|Any CPU
	EndGlobalSection
	GlobalSection(ProjectConfigurationPlatforms) = postSolution
		{2EC4A3D1-E509-422F-A544-576D2392A929}.Debug|Any CPU.ActiveCfg = Debug|Any CPU
		{2EC4A3D1-E509-422F-A544-576D2392A929}.Debug|Any CPU.Build.0 = Debug|Any CPU
		{2EC4A3D1-E509-422F-A544-576D2392A929}.Release|Any CPU.ActiveCfg = Release|Any CPU
		{2EC4A3D1-E509-422F-A544-576D2392A929}.Release|Any CPU.Build.0 = Release|Any CPU
	EndGlobalSection
	GlobalSection(SolutionProperties) = preSolution
		HideSolutionNode = FALSE
	EndGlobalSection
	GlobalSection(ExtensibilityGlobals) = postSolution
		SolutionGuid = {B9BE564A-6526-444B-B892-3FDACBDAB7CE}
	EndGlobalSection
EndGlobal
