
Microsoft Visual Studio Solution File, Format Version 12.00
# Visual Studio Version 16
VisualStudioVersion = 16.0.31624.102
MinimumVisualStudioVersion = 10.0.40219.1
Project("{FAE04EC0-301F-11D3-BF4B-00C04F79EFBC}") = "PBExamMarch2020T1", "PBExamMarch2020T1\PBExamMarch2020T1.csproj", "{1B58518F-57C5-49FC-8D04-A5F51596465E}"
EndProject
Global
	GlobalSection(SolutionConfigurationPlatforms) = preSolution
		Debug|Any CPU = Debug|Any CPU
		Release|Any CPU = Release|Any CPU
	EndGlobalSection
	GlobalSection(ProjectConfigurationPlatforms) = postSolution
		{1B58518F-57C5-49FC-8D04-A5F51596465E}.Debug|Any CPU.ActiveCfg = Debug|Any CPU
		{1B58518F-57C5-49FC-8D04-A5F51596465E}.Debug|Any CPU.Build.0 = Debug|Any CPU
		{1B58518F-57C5-49FC-8D04-A5F51596465E}.Release|Any CPU.ActiveCfg = Release|Any CPU
		{1B58518F-57C5-49FC-8D04-A5F51596465E}.Release|Any CPU.Build.0 = Release|Any CPU
	EndGlobalSection
	GlobalSection(SolutionProperties) = preSolution
		HideSolutionNode = FALSE
	EndGlobalSection
	GlobalSection(ExtensibilityGlobals) = postSolution
		SolutionGuid = {BD259442-C2A3-4DCD-9571-379CBB16985C}
	EndGlobalSection
EndGlobal
