
Microsoft Visual Studio Solution File, Format Version 12.00
# Visual Studio Version 16
VisualStudioVersion = 16.0.31624.102
MinimumVisualStudioVersion = 10.0.40219.1
Project("{FAE04EC0-301F-11D3-BF4B-00C04F79EFBC}") = "Aquarium", "Aquarium\Aquarium.csproj", "{AF77CE65-4359-44F5-90DE-66FF6D671232}"
EndProject
Global
	GlobalSection(SolutionConfigurationPlatforms) = preSolution
		Debug|Any CPU = Debug|Any CPU
		Release|Any CPU = Release|Any CPU
	EndGlobalSection
	GlobalSection(ProjectConfigurationPlatforms) = postSolution
		{AF77CE65-4359-44F5-90DE-66FF6D671232}.Debug|Any CPU.ActiveCfg = Debug|Any CPU
		{AF77CE65-4359-44F5-90DE-66FF6D671232}.Debug|Any CPU.Build.0 = Debug|Any CPU
		{AF77CE65-4359-44F5-90DE-66FF6D671232}.Release|Any CPU.ActiveCfg = Release|Any CPU
		{AF77CE65-4359-44F5-90DE-66FF6D671232}.Release|Any CPU.Build.0 = Release|Any CPU
	EndGlobalSection
	GlobalSection(SolutionProperties) = preSolution
		HideSolutionNode = FALSE
	EndGlobalSection
	GlobalSection(ExtensibilityGlobals) = postSolution
		SolutionGuid = {420515A8-91DC-4E50-91F3-670A1A9E73EF}
	EndGlobalSection
EndGlobal
