
Microsoft Visual Studio Solution File, Format Version 12.00
# Visual Studio Version 16
VisualStudioVersion = 16.0.31624.102
MinimumVisualStudioVersion = 10.0.40219.1
Project("{FAE04EC0-301F-11D3-BF4B-00C04F79EFBC}") = "CountRealNumbers", "CountRealNumbers\CountRealNumbers.csproj", "{2EEA7A8A-89FF-4D44-A84B-9686AB05880D}"
EndProject
Project("{FAE04EC0-301F-11D3-BF4B-00C04F79EFBC}") = "OddOccurrences", "OddOccurrences\OddOccurrences.csproj", "{59E7C4FB-89C2-4E64-BE6E-5FAD30777CF7}"
EndProject
Project("{FAE04EC0-301F-11D3-BF4B-00C04F79EFBC}") = "WordSynonyms", "WordSynonyms\WordSynonyms.csproj", "{406955E6-C586-4E3F-8776-D9D418643E4E}"
EndProject
Project("{FAE04EC0-301F-11D3-BF4B-00C04F79EFBC}") = "WordFilter", "WordFilter\WordFilter.csproj", "{50A01535-D85B-4D1A-80E2-C9BAF123FCAA}"
EndProject
Project("{FAE04EC0-301F-11D3-BF4B-00C04F79EFBC}") = "CountCharsInAString", "CountCharsInAString\CountCharsInAString.csproj", "{9C6A1991-B038-437C-BF52-299D30E1B6DC}"
EndProject
Project("{FAE04EC0-301F-11D3-BF4B-00C04F79EFBC}") = "AMinerTask", "AMinerTask\AMinerTask.csproj", "{3B3F4452-6EAD-4DB7-B7EC-ED0871B857FC}"
EndProject
Project("{FAE04EC0-301F-11D3-BF4B-00C04F79EFBC}") = "LegendaryFarming", "LegendaryFarming\LegendaryFarming.csproj", "{3D438302-142F-4692-91B6-B3B73F57413E}"
EndProject
Project("{FAE04EC0-301F-11D3-BF4B-00C04F79EFBC}") = "Orders", "Orders\Orders.csproj", "{840CFA3A-1C4F-4A30-8AA1-E0ADB56D4EC2}"
EndProject
Project("{FAE04EC0-301F-11D3-BF4B-00C04F79EFBC}") = "SoftUniParking", "SoftUniParking\SoftUniParking.csproj", "{ABA3B615-1A20-408A-A107-D3BC9F9621AB}"
EndProject
Project("{FAE04EC0-301F-11D3-BF4B-00C04F79EFBC}") = "Courses", "Courses\Courses.csproj", "{92EF9CE6-EBCC-49C5-A1FF-06BB41C1E0FD}"
EndProject
Project("{FAE04EC0-301F-11D3-BF4B-00C04F79EFBC}") = "StudentAcademy", "StudentAcademy\StudentAcademy.csproj", "{F97A934A-8320-4933-959F-E224379AFCDF}"
EndProject
Project("{FAE04EC0-301F-11D3-BF4B-00C04F79EFBC}") = "CompanyUsers", "CompanyUsers\CompanyUsers.csproj", "{DC80082C-C638-4E32-99AD-2AA634222EFA}"
EndProject
Global
	GlobalSection(SolutionConfigurationPlatforms) = preSolution
		Debug|Any CPU = Debug|Any CPU
		Release|Any CPU = Release|Any CPU
	EndGlobalSection
	GlobalSection(ProjectConfigurationPlatforms) = postSolution
		{2EEA7A8A-89FF-4D44-A84B-9686AB05880D}.Debug|Any CPU.ActiveCfg = Debug|Any CPU
		{2EEA7A8A-89FF-4D44-A84B-9686AB05880D}.Debug|Any CPU.Build.0 = Debug|Any CPU
		{2EEA7A8A-89FF-4D44-A84B-9686AB05880D}.Release|Any CPU.ActiveCfg = Release|Any CPU
		{2EEA7A8A-89FF-4D44-A84B-9686AB05880D}.Release|Any CPU.Build.0 = Release|Any CPU
		{59E7C4FB-89C2-4E64-BE6E-5FAD30777CF7}.Debug|Any CPU.ActiveCfg = Debug|Any CPU
		{59E7C4FB-89C2-4E64-BE6E-5FAD30777CF7}.Debug|Any CPU.Build.0 = Debug|Any CPU
		{59E7C4FB-89C2-4E64-BE6E-5FAD30777CF7}.Release|Any CPU.ActiveCfg = Release|Any CPU
		{59E7C4FB-89C2-4E64-BE6E-5FAD30777CF7}.Release|Any CPU.Build.0 = Release|Any CPU
		{406955E6-C586-4E3F-8776-D9D418643E4E}.Debug|Any CPU.ActiveCfg = Debug|Any CPU
		{406955E6-C586-4E3F-8776-D9D418643E4E}.Debug|Any CPU.Build.0 = Debug|Any CPU
		{406955E6-C586-4E3F-8776-D9D418643E4E}.Release|Any CPU.ActiveCfg = Release|Any CPU
		{406955E6-C586-4E3F-8776-D9D418643E4E}.Release|Any CPU.Build.0 = Release|Any CPU
		{50A01535-D85B-4D1A-80E2-C9BAF123FCAA}.Debug|Any CPU.ActiveCfg = Debug|Any CPU
		{50A01535-D85B-4D1A-80E2-C9BAF123FCAA}.Debug|Any CPU.Build.0 = Debug|Any CPU
		{50A01535-D85B-4D1A-80E2-C9BAF123FCAA}.Release|Any CPU.ActiveCfg = Release|Any CPU
		{50A01535-D85B-4D1A-80E2-C9BAF123FCAA}.Release|Any CPU.Build.0 = Release|Any CPU
		{9C6A1991-B038-437C-BF52-299D30E1B6DC}.Debug|Any CPU.ActiveCfg = Debug|Any CPU
		{9C6A1991-B038-437C-BF52-299D30E1B6DC}.Debug|Any CPU.Build.0 = Debug|Any CPU
		{9C6A1991-B038-437C-BF52-299D30E1B6DC}.Release|Any CPU.ActiveCfg = Release|Any CPU
		{9C6A1991-B038-437C-BF52-299D30E1B6DC}.Release|Any CPU.Build.0 = Release|Any CPU
		{3B3F4452-6EAD-4DB7-B7EC-ED0871B857FC}.Debug|Any CPU.ActiveCfg = Debug|Any CPU
		{3B3F4452-6EAD-4DB7-B7EC-ED0871B857FC}.Debug|Any CPU.Build.0 = Debug|Any CPU
		{3B3F4452-6EAD-4DB7-B7EC-ED0871B857FC}.Release|Any CPU.ActiveCfg = Release|Any CPU
		{3B3F4452-6EAD-4DB7-B7EC-ED0871B857FC}.Release|Any CPU.Build.0 = Release|Any CPU
		{3D438302-142F-4692-91B6-B3B73F57413E}.Debug|Any CPU.ActiveCfg = Debug|Any CPU
		{3D438302-142F-4692-91B6-B3B73F57413E}.Debug|Any CPU.Build.0 = Debug|Any CPU
		{3D438302-142F-4692-91B6-B3B73F57413E}.Release|Any CPU.ActiveCfg = Release|Any CPU
		{3D438302-142F-4692-91B6-B3B73F57413E}.Release|Any CPU.Build.0 = Release|Any CPU
		{840CFA3A-1C4F-4A30-8AA1-E0ADB56D4EC2}.Debug|Any CPU.ActiveCfg = Debug|Any CPU
		{840CFA3A-1C4F-4A30-8AA1-E0ADB56D4EC2}.Debug|Any CPU.Build.0 = Debug|Any CPU
		{840CFA3A-1C4F-4A30-8AA1-E0ADB56D4EC2}.Release|Any CPU.ActiveCfg = Release|Any CPU
		{840CFA3A-1C4F-4A30-8AA1-E0ADB56D4EC2}.Release|Any CPU.Build.0 = Release|Any CPU
		{ABA3B615-1A20-408A-A107-D3BC9F9621AB}.Debug|Any CPU.ActiveCfg = Debug|Any CPU
		{ABA3B615-1A20-408A-A107-D3BC9F9621AB}.Debug|Any CPU.Build.0 = Debug|Any CPU
		{ABA3B615-1A20-408A-A107-D3BC9F9621AB}.Release|Any CPU.ActiveCfg = Release|Any CPU
		{ABA3B615-1A20-408A-A107-D3BC9F9621AB}.Release|Any CPU.Build.0 = Release|Any CPU
		{92EF9CE6-EBCC-49C5-A1FF-06BB41C1E0FD}.Debug|Any CPU.ActiveCfg = Debug|Any CPU
		{92EF9CE6-EBCC-49C5-A1FF-06BB41C1E0FD}.Debug|Any CPU.Build.0 = Debug|Any CPU
		{92EF9CE6-EBCC-49C5-A1FF-06BB41C1E0FD}.Release|Any CPU.ActiveCfg = Release|Any CPU
		{92EF9CE6-EBCC-49C5-A1FF-06BB41C1E0FD}.Release|Any CPU.Build.0 = Release|Any CPU
		{F97A934A-8320-4933-959F-E224379AFCDF}.Debug|Any CPU.ActiveCfg = Debug|Any CPU
		{F97A934A-8320-4933-959F-E224379AFCDF}.Debug|Any CPU.Build.0 = Debug|Any CPU
		{F97A934A-8320-4933-959F-E224379AFCDF}.Release|Any CPU.ActiveCfg = Release|Any CPU
		{F97A934A-8320-4933-959F-E224379AFCDF}.Release|Any CPU.Build.0 = Release|Any CPU
		{DC80082C-C638-4E32-99AD-2AA634222EFA}.Debug|Any CPU.ActiveCfg = Debug|Any CPU
		{DC80082C-C638-4E32-99AD-2AA634222EFA}.Debug|Any CPU.Build.0 = Debug|Any CPU
		{DC80082C-C638-4E32-99AD-2AA634222EFA}.Release|Any CPU.ActiveCfg = Release|Any CPU
		{DC80082C-C638-4E32-99AD-2AA634222EFA}.Release|Any CPU.Build.0 = Release|Any CPU
	EndGlobalSection
	GlobalSection(SolutionProperties) = preSolution
		HideSolutionNode = FALSE
	EndGlobalSection
	GlobalSection(ExtensibilityGlobals) = postSolution
		SolutionGuid = {2CC1F3D9-F9D0-469B-9D0A-43E151AC6A1A}
	EndGlobalSection
EndGlobal
