
Microsoft Visual Studio Solution File, Format Version 12.00
# Visual Studio Version 16
VisualStudioVersion = 16.0.31624.102
MinimumVisualStudioVersion = 10.0.40219.1
Project("{FAE04EC0-301F-11D3-BF4B-00C04F79EFBC}") = "FoodDelivery", "FoodDelivery\FoodDelivery.csproj", "{8C0720ED-F5DA-4DC1-8EE5-D961114DC4DF}"
EndProject
Global
	GlobalSection(SolutionConfigurationPlatforms) = preSolution
		Debug|Any CPU = Debug|Any CPU
		Release|Any CPU = Release|Any CPU
	EndGlobalSection
	GlobalSection(ProjectConfigurationPlatforms) = postSolution
		{8C0720ED-F5DA-4DC1-8EE5-D961114DC4DF}.Debug|Any CPU.ActiveCfg = Debug|Any CPU
		{8C0720ED-F5DA-4DC1-8EE5-D961114DC4DF}.Debug|Any CPU.Build.0 = Debug|Any CPU
		{8C0720ED-F5DA-4DC1-8EE5-D961114DC4DF}.Release|Any CPU.ActiveCfg = Release|Any CPU
		{8C0720ED-F5DA-4DC1-8EE5-D961114DC4DF}.Release|Any CPU.Build.0 = Release|Any CPU
	EndGlobalSection
	GlobalSection(SolutionProperties) = preSolution
		HideSolutionNode = FALSE
	EndGlobalSection
	GlobalSection(ExtensibilityGlobals) = postSolution
		SolutionGuid = {EC7609AC-0CD9-47F3-9655-8B90A9EF9A4E}
	EndGlobalSection
EndGlobal
