
Microsoft Visual Studio Solution File, Format Version 12.00
# Visual Studio Version 16
VisualStudioVersion = 16.0.31624.102
MinimumVisualStudioVersion = 10.0.40219.1
Project("{9A19103F-16F7-4668-BE54-9A1E7A4F7556}") = "FirstStepsInCodingExercise", "FirstStepsInCodingExercise\FirstStepsInCodingExercise.csproj", "{A8AC9BD9-7E65-4C4F-92D7-6007689CE9AD}"
EndProject
Project("{9A19103F-16F7-4668-BE54-9A1E7A4F7556}") = "RadiansToDegrees", "RadiansToDegrees\RadiansToDegrees.csproj", "{44685232-EDDD-4A99-8763-38AB7AD90E3C}"
EndProject
Project("{FAE04EC0-301F-11D3-BF4B-00C04F79EFBC}") = "DepositCalcuator", "DepositCalcuator\DepositCalcuator.csproj", "{E84E6D6F-D4C2-45EB-964F-490DD041F408}"
EndProject
Global
	GlobalSection(SolutionConfigurationPlatforms) = preSolution
		Debug|Any CPU = Debug|Any CPU
		Release|Any CPU = Release|Any CPU
	EndGlobalSection
	GlobalSection(ProjectConfigurationPlatforms) = postSolution
		{A8AC9BD9-7E65-4C4F-92D7-6007689CE9AD}.Debug|Any CPU.ActiveCfg = Debug|Any CPU
		{A8AC9BD9-7E65-4C4F-92D7-6007689CE9AD}.Debug|Any CPU.Build.0 = Debug|Any CPU
		{A8AC9BD9-7E65-4C4F-92D7-6007689CE9AD}.Release|Any CPU.ActiveCfg = Release|Any CPU
		{A8AC9BD9-7E65-4C4F-92D7-6007689CE9AD}.Release|Any CPU.Build.0 = Release|Any CPU
		{44685232-EDDD-4A99-8763-38AB7AD90E3C}.Debug|Any CPU.ActiveCfg = Debug|Any CPU
		{44685232-EDDD-4A99-8763-38AB7AD90E3C}.Debug|Any CPU.Build.0 = Debug|Any CPU
		{44685232-EDDD-4A99-8763-38AB7AD90E3C}.Release|Any CPU.ActiveCfg = Release|Any CPU
		{44685232-EDDD-4A99-8763-38AB7AD90E3C}.Release|Any CPU.Build.0 = Release|Any CPU
		{E84E6D6F-D4C2-45EB-964F-490DD041F408}.Debug|Any CPU.ActiveCfg = Debug|Any CPU
		{E84E6D6F-D4C2-45EB-964F-490DD041F408}.Debug|Any CPU.Build.0 = Debug|Any CPU
		{E84E6D6F-D4C2-45EB-964F-490DD041F408}.Release|Any CPU.ActiveCfg = Release|Any CPU
		{E84E6D6F-D4C2-45EB-964F-490DD041F408}.Release|Any CPU.Build.0 = Release|Any CPU
	EndGlobalSection
	GlobalSection(SolutionProperties) = preSolution
		HideSolutionNode = FALSE
	EndGlobalSection
	GlobalSection(ExtensibilityGlobals) = postSolution
		SolutionGuid = {74F38A10-62EE-4386-9C76-FA4B1D5A6BCF}
	EndGlobalSection
EndGlobal
