
Microsoft Visual Studio Solution File, Format Version 12.00
# Visual Studio Version 16
VisualStudioVersion = 16.0.31624.102
MinimumVisualStudioVersion = 10.0.40219.1
Project("{FAE04EC0-301F-11D3-BF4B-00C04F79EFBC}") = "Count", "Count\Count.csproj", "{0300DBEC-CF11-4DF6-A551-06C3EA99A710}"
EndProject
Global
	GlobalSection(SolutionConfigurationPlatforms) = preSolution
		Debug|Any CPU = Debug|Any CPU
		Release|Any CPU = Release|Any CPU
	EndGlobalSection
	GlobalSection(ProjectConfigurationPlatforms) = postSolution
		{0300DBEC-CF11-4DF6-A551-06C3EA99A710}.Debug|Any CPU.ActiveCfg = Debug|Any CPU
		{0300DBEC-CF11-4DF6-A551-06C3EA99A710}.Debug|Any CPU.Build.0 = Debug|Any CPU
		{0300DBEC-CF11-4DF6-A551-06C3EA99A710}.Release|Any CPU.ActiveCfg = Release|Any CPU
		{0300DBEC-CF11-4DF6-A551-06C3EA99A710}.Release|Any CPU.Build.0 = Release|Any CPU
	EndGlobalSection
	GlobalSection(SolutionProperties) = preSolution
		HideSolutionNode = FALSE
	EndGlobalSection
	GlobalSection(ExtensibilityGlobals) = postSolution
		SolutionGuid = {45269613-544B-41E7-A599-D947F77FDD1A}
	EndGlobalSection
EndGlobal
