
Microsoft Visual Studio Solution File, Format Version 12.00
# Visual Studio Version 16
VisualStudioVersion = 16.0.31624.102
MinimumVisualStudioVersion = 10.0.40219.1
Project("{FAE04EC0-301F-11D3-BF4B-00C04F79EFBC}") = "PBExamMarch2020T3", "PBExamMarch2020T3\PBExamMarch2020T3.csproj", "{16904379-D9D5-4471-B64B-3CC1F730845A}"
EndProject
Global
	GlobalSection(SolutionConfigurationPlatforms) = preSolution
		Debug|Any CPU = Debug|Any CPU
		Release|Any CPU = Release|Any CPU
	EndGlobalSection
	GlobalSection(ProjectConfigurationPlatforms) = postSolution
		{16904379-D9D5-4471-B64B-3CC1F730845A}.Debug|Any CPU.ActiveCfg = Debug|Any CPU
		{16904379-D9D5-4471-B64B-3CC1F730845A}.Debug|Any CPU.Build.0 = Debug|Any CPU
		{16904379-D9D5-4471-B64B-3CC1F730845A}.Release|Any CPU.ActiveCfg = Release|Any CPU
		{16904379-D9D5-4471-B64B-3CC1F730845A}.Release|Any CPU.Build.0 = Release|Any CPU
	EndGlobalSection
	GlobalSection(SolutionProperties) = preSolution
		HideSolutionNode = FALSE
	EndGlobalSection
	GlobalSection(ExtensibilityGlobals) = postSolution
		SolutionGuid = {35310CEB-DB2C-4C42-88F9-69707EC3DDB8}
	EndGlobalSection
EndGlobal
